{
  "pins" : [
    {
      "identity" : "swift-syntax",
      "kind" : "remoteSourceControl",
      "location" : "https://github.com/swiftlang/swift-syntax.git",
      "state" : {
        "revision" : "ef367f7370c51200ed95b384e03d545f59c7fc98",
        "version" : "603.0.0-prerelease-2025-10-30"
      }
    },
    {
      "identity" : "swift-testing",
      "kind" : "remoteSourceControl",
      "location" : "https://github.com/apple/swift-testing.git",
      "state" : {
        "revision" : "98430f2d6cb8d817b60ea1489ad18db87cc547aa"
      }
    }
  ],
  "version" : 2
}
